
Microsoft Visual Studio Solution File, Format Version 12.00
# Visual Studio Version 17
VisualStudioVersion = 17.2.32630.192
MinimumVisualStudioVersion = 10.0.40219.1
Project("{FAE04EC0-301F-11D3-BF4B-00C04F79EFBC}") = "OpenWeatherAPI", "OpenWeatherAPI\OpenWeatherAPI.csproj", "{42B8B0C8-2361-40B6-B30D-C3452A6D34FB}"
EndProject
Global
	GlobalSection(SolutionConfigurationPlatforms) = preSolution
		Debug|Any CPU = Debug|Any CPU
		Release|Any CPU = Release|Any CPU
	EndGlobalSection
	GlobalSection(ProjectConfigurationPlatforms) = postSolution
		{42B8B0C8-2361-40B6-B30D-C3452A6D34FB}.Debug|Any CPU.ActiveCfg = Debug|Any CPU
		{42B8B0C8-2361-40B6-B30D-C3452A6D34FB}.Debug|Any CPU.Build.0 = Debug|Any CPU
		{42B8B0C8-2361-40B6-B30D-C3452A6D34FB}.Release|Any CPU.ActiveCfg = Release|Any CPU
		{42B8B0C8-2361-40B6-B30D-C3452A6D34FB}.Release|Any CPU.Build.0 = Release|Any CPU
	EndGlobalSection
	GlobalSection(SolutionProperties) = preSolution
		HideSolutionNode = FALSE
	EndGlobalSection
	GlobalSection(ExtensibilityGlobals) = postSolution
		SolutionGuid = {3BAAA758-1930-4A0A-835C-36C678D1B3F7}
	EndGlobalSection
EndGlobal
